<?xml version="1.0" encoding="utf-8"?>
<Project ToolsVersion="4.0" xmlns="http://schemas.microsoft.com/developer/msbuild/2003">
  <ItemGroup>
    <Filter Include="Source Files">
      <UniqueIdentifier>{4FC737F1-C7A5-4376-A066-2A32D752A2FF}</UniqueIdentifier>
      <Extensions>cpp;c;cc;cxx;def;odl;idl;hpj;bat;asm;asmx</Extensions>
    </Filter>
    <Filter Include="Header Files">
      <UniqueIdentifier>{93995380-89BD-4b04-88EB-625FBE52EBFB}</UniqueIdentifier>
      <Extensions>h;hh;hpp;hxx;hm;inl;inc;xsd</Extensions>
    </Filter>
    <Filter Include="Resource Files">
      <UniqueIdentifier>{67DA6AB6-F800-4c08-8B7A-83BB121AAD01}</UniqueIdentifier>
      <Extensions>rc;ico;cur;bmp;dlg;rc2;rct;bin;rgs;gif;jpg;jpeg;jpe;resx;tiff;tif;png;wav;mfcribbon-ms</Extensions>
    </Filter>
    <Filter Include="Common">
      <UniqueIdentifier>{6d76857c-0022-4e74-b523-e6703ff9675f}</UniqueIdentifier>
    </Filter>
  </ItemGroup>
  <ItemGroup>
    <ClInclude Include="include\byteBuffer.h">
      <Filter>Header Files</Filter>
    </ClInclude>
    <ClInclude Include="include\callback.h">
      <Filter>Header Files</Filter>
    </ClInclude>
    <ClInclude Include="include\commandInput.h">
      <Filter>Header Files</Filter>
    </ClInclude>
    <ClInclude Include="include\connector.h">
      <Filter>Header Files</Filter>
    </ClInclude>
    <ClInclude Include="include\idmaker.h">
      <Filter>Header Files</Filter>
    </ClInclude>
    <ClInclude Include="include\json.h">
      <Filter>Header Files</Filter>
    </ClInclude>
    <ClInclude Include="include\listener.h">
      <Filter>Header Files</Filter>
    </ClInclude>
    <ClInclude Include="include\lock.h">
      <Filter>Header Files</Filter>
    </ClInclude>
    <ClInclude Include="include\logger.h">
      <Filter>Header Files</Filter>
    </ClInclude>
    <ClInclude Include="include\messagequeue.h">
      <Filter>Header Files</Filter>
    </ClInclude>
    <ClInclude Include="include\netbase.h">
      <Filter>Header Files</Filter>
    </ClInclude>
    <ClInclude Include="include\poller.h">
      <Filter>Header Files</Filter>
    </ClInclude>
    <ClInclude Include="include\serverframe.h">
      <Filter>Header Files</Filter>
    </ClInclude>
    <ClInclude Include="include\servertime.h">
      <Filter>Header Files</Filter>
    </ClInclude>
    <ClInclude Include="include\session.h">
      <Filter>Header Files</Filter>
    </ClInclude>
    <ClInclude Include="include\singleton.h">
      <Filter>Header Files</Filter>
    </ClInclude>
    <ClInclude Include="include\timer.h">
      <Filter>Header Files</Filter>
    </ClInclude>
    <ClInclude Include="include\xml.h">
      <Filter>Header Files</Filter>
    </ClInclude>
    <ClInclude Include="include\xml_alloc.h">
      <Filter>Header Files</Filter>
    </ClInclude>
    <ClInclude Include="src\JsonException.h">
      <Filter>Source Files</Filter>
    </ClInclude>
    <ClInclude Include="src\stdafx.h">
      <Filter>Source Files</Filter>
    </ClInclude>
    <ClInclude Include="src\targetver.h">
      <Filter>Source Files</Filter>
    </ClInclude>
    <ClInclude Include="src\xml_exception.h">
      <Filter>Source Files</Filter>
    </ClInclude>
    <ClInclude Include="src\xml_function.h">
      <Filter>Source Files</Filter>
    </ClInclude>
    <ClInclude Include="include\libcore.hpp">
      <Filter>Header Files</Filter>
    </ClInclude>
    <ClInclude Include="include\FrameEvent.h">
      <Filter>Header Files</Filter>
    </ClInclude>
    <ClInclude Include="include\variant.h">
      <Filter>Header Files</Filter>
    </ClInclude>
    <ClInclude Include="include\AsyncTask.h">
      <Filter>Header Files</Filter>
    </ClInclude>
    <ClInclude Include="include\random.h">
      <Filter>Header Files</Filter>
    </ClInclude>
    <ClInclude Include="include\obj_ref.h">
      <Filter>Header Files</Filter>
    </ClInclude>
    <ClInclude Include="include\LuaEngine.h">
      <Filter>Header Files</Filter>
    </ClInclude>
    <ClInclude Include="include\LuaHelper.h">
      <Filter>Header Files</Filter>
    </ClInclude>
    <ClInclude Include="include\LuaReader.h">
      <Filter>Header Files</Filter>
    </ClInclude>
    <ClInclude Include="include\MysqlService.h">
      <Filter>Header Files</Filter>
    </ClInclude>
    <ClInclude Include="include\AutoDeleter.h">
      <Filter>Header Files</Filter>
    </ClInclude>
    <ClInclude Include="include\DebugHelper.h">
      <Filter>Header Files</Filter>
    </ClInclude>
    <ClInclude Include="include\global_function.h">
      <Filter>Header Files</Filter>
    </ClInclude>
    <ClInclude Include="include\utils.h">
      <Filter>Header Files</Filter>
    </ClInclude>
    <ClInclude Include="include\MemoryPoll.h">
      <Filter>Header Files</Filter>
    </ClInclude>
    <ClInclude Include="include\Database.h">
      <Filter>Header Files</Filter>
    </ClInclude>
    <ClInclude Include="..\common\common.hpp">
      <Filter>Common</Filter>
    </ClInclude>
    <ClInclude Include="..\common\cpp_header.h">
      <Filter>Common</Filter>
    </ClInclude>
    <ClInclude Include="..\common\macros.h">
      <Filter>Common</Filter>
    </ClInclude>
    <ClInclude Include="..\common\typedefs.h">
      <Filter>Common</Filter>
    </ClInclude>
    <ClInclude Include="include\LuaTable.h">
      <Filter>Header Files</Filter>
    </ClInclude>
    <ClInclude Include="include\ScheduleBase.h">
      <Filter>Header Files</Filter>
    </ClInclude>
    <ClInclude Include="include\ScriptTable.h">
      <Filter>Header Files</Filter>
    </ClInclude>
  </ItemGroup>
  <ItemGroup>
    <ClCompile Include="src\byteBuffer.cpp">
      <Filter>Source Files</Filter>
    </ClCompile>
    <ClCompile Include="src\commandInput.cpp">
      <Filter>Source Files</Filter>
    </ClCompile>
    <ClCompile Include="src\connector.cpp">
      <Filter>Source Files</Filter>
    </ClCompile>
    <ClCompile Include="src\idmaker.cpp">
      <Filter>Source Files</Filter>
    </ClCompile>
    <ClCompile Include="src\json.cpp">
      <Filter>Source Files</Filter>
    </ClCompile>
    <ClCompile Include="src\JsonException.cpp">
      <Filter>Source Files</Filter>
    </ClCompile>
    <ClCompile Include="src\listener.cpp">
      <Filter>Source Files</Filter>
    </ClCompile>
    <ClCompile Include="src\lock.cpp">
      <Filter>Source Files</Filter>
    </ClCompile>
    <ClCompile Include="src\logger.cpp">
      <Filter>Source Files</Filter>
    </ClCompile>
    <ClCompile Include="src\messagequeue.cpp">
      <Filter>Source Files</Filter>
    </ClCompile>
    <ClCompile Include="src\netbase.cpp">
      <Filter>Source Files</Filter>
    </ClCompile>
    <ClCompile Include="src\poller.cpp">
      <Filter>Source Files</Filter>
    </ClCompile>
    <ClCompile Include="src\serverframe.cpp">
      <Filter>Source Files</Filter>
    </ClCompile>
    <ClCompile Include="src\servertime.cpp">
      <Filter>Source Files</Filter>
    </ClCompile>
    <ClCompile Include="src\session.cpp">
      <Filter>Source Files</Filter>
    </ClCompile>
    <ClCompile Include="src\stdafx.cpp">
      <Filter>Source Files</Filter>
    </ClCompile>
    <ClCompile Include="src\timer.cpp">
      <Filter>Source Files</Filter>
    </ClCompile>
    <ClCompile Include="src\xml.cpp">
      <Filter>Source Files</Filter>
    </ClCompile>
    <ClCompile Include="src\xml_alloc.cpp">
      <Filter>Source Files</Filter>
    </ClCompile>
    <ClCompile Include="src\xml_element.cpp">
      <Filter>Source Files</Filter>
    </ClCompile>
    <ClCompile Include="src\xml_exception.cpp">
      <Filter>Source Files</Filter>
    </ClCompile>
    <ClCompile Include="src\xml_file.cpp">
      <Filter>Source Files</Filter>
    </ClCompile>
    <ClCompile Include="src\xml_function.cpp">
      <Filter>Source Files</Filter>
    </ClCompile>
    <ClCompile Include="src\xml_head.cpp">
      <Filter>Source Files</Filter>
    </ClCompile>
    <ClCompile Include="src\xml_string.cpp">
      <Filter>Source Files</Filter>
    </ClCompile>
    <ClCompile Include="src\FrameEvent.cpp">
      <Filter>Source Files</Filter>
    </ClCompile>
    <ClCompile Include="src\AsyncTask.cpp">
      <Filter>Source Files</Filter>
    </ClCompile>
    <ClCompile Include="src\random.cpp">
      <Filter>Source Files</Filter>
    </ClCompile>
    <ClCompile Include="src\LuaEngine.cpp">
      <Filter>Source Files</Filter>
    </ClCompile>
    <ClCompile Include="src\LuaHelper.cpp">
      <Filter>Source Files</Filter>
    </ClCompile>
    <ClCompile Include="src\LuaReader.cpp">
      <Filter>Source Files</Filter>
    </ClCompile>
    <ClCompile Include="src\MysqlService.cpp">
      <Filter>Source Files</Filter>
    </ClCompile>
    <ClCompile Include="src\DebugHelper.cpp">
      <Filter>Source Files</Filter>
    </ClCompile>
    <ClCompile Include="src\utils.cpp">
      <Filter>Source Files</Filter>
    </ClCompile>
    <ClCompile Include="src\Database.cpp">
      <Filter>Source Files</Filter>
    </ClCompile>
    <ClCompile Include="src\LuaTable.cpp">
      <Filter>Source Files</Filter>
    </ClCompile>
    <ClCompile Include="src\ScheduleBase.cpp">
      <Filter>Source Files</Filter>
    </ClCompile>
    <ClCompile Include="src\ScriptTable.cpp">
      <Filter>Source Files</Filter>
    </ClCompile>
  </ItemGroup>
  <ItemGroup>
    <None Include="..\common\make.bat">
      <Filter>Common</Filter>
    </None>
  </ItemGroup>
</Project>